
Microsoft Visual Studio Solution File, Format Version 12.00
# Visual Studio Version 17
VisualStudioVersion = 17.10.35027.167
MinimumVisualStudioVersion = 10.0.40219.1
Project("{2150E333-8FDC-42A3-9474-1A3956D46DE8}") = "1. Apresentacao", "1. Apresentacao", "{49DAE263-03D6-4990-8E86-11D6785C0A3F}"
EndProject
Project("{2150E333-8FDC-42A3-9474-1A3956D46DE8}") = "2. Dominio", "2. Dominio", "{10A225DE-CFCC-46E7-886C-BB35CD9E68C2}"
EndProject
Project("{2150E333-8FDC-42A3-9474-1A3956D46DE8}") = "3. Infraestrutura", "3. Infraestrutura", "{A9AEF838-DCFD-4EAE-9FE5-C9E3064A2CB3}"
EndProject
Project("{2150E333-8FDC-42A3-9474-1A3956D46DE8}") = "4. Testes", "4. Testes", "{5F4FB7EF-30B7-4979-8DF1-003C02481AF4}"
EndProject
Project("{FAE04EC0-301F-11D3-BF4B-00C04F79EFBC}") = "ControleLocadoraAutomoveis.Dominio", "ControleLocacaoAutomoveis.Dominio\ControleLocadoraAutomoveis.Dominio.csproj", "{1B25AB19-1882-452A-86EB-8DD0CA151844}"
EndProject
Project("{FAE04EC0-301F-11D3-BF4B-00C04F79EFBC}") = "ControleLocadoraAutomoveis.Infraestrutura.Orm", "ControleLocacaoAutomoveis.Infraestrutura.Orm\ControleLocadoraAutomoveis.Infraestrutura.Orm.csproj", "{0813AE16-3B34-4C3A-ABBA-82B98B981167}"
EndProject
Project("{FAE04EC0-301F-11D3-BF4B-00C04F79EFBC}") = "ControleLocadoraAutomoveis.Testes.Integracao", "ControleLocadoraAutomoveis.Testes.Integracao\ControleLocadoraAutomoveis.Testes.Integracao.csproj", "{179C2441-C8EC-4E92-8373-532286AECE1E}"
EndProject
Project("{FAE04EC0-301F-11D3-BF4B-00C04F79EFBC}") = "ControleLocadoraAutomoveis.WebApp", "ControleLocadoraAutomoveis.WebApp\ControleLocadoraAutomoveis.WebApp.csproj", "{AA19E842-2B41-4D00-9354-83DB6F049A72}"
EndProject
Global
	GlobalSection(SolutionConfigurationPlatforms) = preSolution
		Debug|Any CPU = Debug|Any CPU
		Release|Any CPU = Release|Any CPU
	EndGlobalSection
	GlobalSection(ProjectConfigurationPlatforms) = postSolution
		{1B25AB19-1882-452A-86EB-8DD0CA151844}.Debug|Any CPU.ActiveCfg = Debug|Any CPU
		{1B25AB19-1882-452A-86EB-8DD0CA151844}.Debug|Any CPU.Build.0 = Debug|Any CPU
		{1B25AB19-1882-452A-86EB-8DD0CA151844}.Release|Any CPU.ActiveCfg = Release|Any CPU
		{1B25AB19-1882-452A-86EB-8DD0CA151844}.Release|Any CPU.Build.0 = Release|Any CPU
		{0813AE16-3B34-4C3A-ABBA-82B98B981167}.Debug|Any CPU.ActiveCfg = Debug|Any CPU
		{0813AE16-3B34-4C3A-ABBA-82B98B981167}.Debug|Any CPU.Build.0 = Debug|Any CPU
		{0813AE16-3B34-4C3A-ABBA-82B98B981167}.Release|Any CPU.ActiveCfg = Release|Any CPU
		{0813AE16-3B34-4C3A-ABBA-82B98B981167}.Release|Any CPU.Build.0 = Release|Any CPU
		{179C2441-C8EC-4E92-8373-532286AECE1E}.Debug|Any CPU.ActiveCfg = Debug|Any CPU
		{179C2441-C8EC-4E92-8373-532286AECE1E}.Debug|Any CPU.Build.0 = Debug|Any CPU
		{179C2441-C8EC-4E92-8373-532286AECE1E}.Release|Any CPU.ActiveCfg = Release|Any CPU
		{179C2441-C8EC-4E92-8373-532286AECE1E}.Release|Any CPU.Build.0 = Release|Any CPU
		{AA19E842-2B41-4D00-9354-83DB6F049A72}.Debug|Any CPU.ActiveCfg = Debug|Any CPU
		{AA19E842-2B41-4D00-9354-83DB6F049A72}.Debug|Any CPU.Build.0 = Debug|Any CPU
		{AA19E842-2B41-4D00-9354-83DB6F049A72}.Release|Any CPU.ActiveCfg = Release|Any CPU
		{AA19E842-2B41-4D00-9354-83DB6F049A72}.Release|Any CPU.Build.0 = Release|Any CPU
	EndGlobalSection
	GlobalSection(SolutionProperties) = preSolution
		HideSolutionNode = FALSE
	EndGlobalSection
	GlobalSection(NestedProjects) = preSolution
		{1B25AB19-1882-452A-86EB-8DD0CA151844} = {10A225DE-CFCC-46E7-886C-BB35CD9E68C2}
		{0813AE16-3B34-4C3A-ABBA-82B98B981167} = {A9AEF838-DCFD-4EAE-9FE5-C9E3064A2CB3}
		{179C2441-C8EC-4E92-8373-532286AECE1E} = {5F4FB7EF-30B7-4979-8DF1-003C02481AF4}
		{AA19E842-2B41-4D00-9354-83DB6F049A72} = {49DAE263-03D6-4990-8E86-11D6785C0A3F}
	EndGlobalSection
	GlobalSection(ExtensibilityGlobals) = postSolution
		SolutionGuid = {FA9878D3-4DB0-493B-B7DC-EDF7FF032AF1}
	EndGlobalSection
EndGlobal
